<Solution>
  <Folder Name="/src/">
    <Project Path="src/PayderPay.Api/PayderPay.Api.csproj" />
    <Project Path="src/PayderPay.Application/PayderPay.Application.csproj" />
    <Project Path="src/PayderPay.Domain/PayderPay.Domain.csproj" />
    <Project Path="src/PayderPay.Infrastructure/PayderPay.Infrastructure.csproj" />
  </Folder>
  <Folder Name="/tests/">
    <Project Path="tests/PayderPay.Api.IntegrationTests/PayderPay.Api.IntegrationTests.csproj" />
    <Project Path="tests/PayderPay.Application.UnitTests/PayderPay.Application.UnitTests.csproj" />
  </Folder>
</Solution>
